<?xml version="1.0" encoding="UTF-8" standalone="yes" ?>
<CodeBlocks_project_file>
	<FileVersion major="1" minor="6" />
	<Project>
		<Option title="andrcvser" />
		<Option pch_mode="2" />
		<Option compiler="gcc" />
		<Build>
			<Target title="Debug">
				<Option output="bin/Debug/andrcvser" prefix_auto="1" extension_auto="1" />
				<Option object_output="obj/Debug/" />
				<Option type="1" />
				<Option compiler="gcc" />
				<Compiler>
					<Add option="-g" />
					<Add directory="include" />
				</Compiler>
			</Target>
			<Target title="Release">
				<Option output="bin/Release/andrcvser" prefix_auto="1" extension_auto="1" />
				<Option object_output="obj/Release/" />
				<Option type="1" />
				<Option compiler="gcc" />
				<Compiler>
					<Add option="-O2" />
					<Add directory="include" />
				</Compiler>
				<Linker>
					<Add option="-s" />
				</Linker>
			</Target>
		</Build>
		<Compiler>
			<Add option="-march=core2" />
			<Add option="-fexceptions" />
			<Add option="-fpermissive" />
			<Add option="-D_WIN32_WINNT=0x0501" />
			<Add option="-DWINVER=0x0501" />
			<Add option="-DUSE_BOOST_THREAD" />
			<Add option="-DMINGW" />
			<Add directory="gencpp" />
			<Add directory="../../../mrcvlibs/boost_155/include" />
			<Add directory="../../../mrcvlibs/OpenCV_2.4/include" />
			<Add directory="../../../mrcvlibs/include/wx-3.0" />
			<Add directory="../../../mrcvlibs/lib/wx/include/msw-unicode-3.0" />
			<Add directory="../../../mrcvlibs/include" />
		</Compiler>
		<Linker>
			<Add option="-lboost_system-mgw48-mt-d-1_55" />
			<Add option="-lboost_thread-mgw48-mt-sd-1_55" />
			<Add option="-lsqlite3" />
			<Add option="-liconv" />
			<Add library="..\..\..\mrcvlibs\lib\libthrift.a" />
			<Add library="..\..\..\mrcvlibs\lib\libthriftnb.a" />
			<Add library="..\..\..\mrcvlibs\lib\libevent.a" />
			<Add library="..\..\..\mrcvlibs\lib\libwx_baseu-3.0.dll.a" />
			<Add library="..\..\..\mrcvlibs\lib\libwx_mswu_core-3.0.dll.a" />
			<Add library="..\..\..\mrcvlibs\lib\libws2_32.a" />
			<Add library="..\..\..\mrcvlibs\OpenCV_2.4\lib\libopencv_core2410.dll.a" />
			<Add library="..\..\..\mrcvlibs\OpenCV_2.4\lib\libopencv_features2d2410.dll.a" />
			<Add library="..\..\..\mrcvlibs\OpenCV_2.4\lib\libopencv_flann2410.dll.a" />
			<Add library="..\..\..\mrcvlibs\OpenCV_2.4\lib\libopencv_highgui2410.dll.a" />
			<Add library="..\..\..\mrcvlibs\OpenCV_2.4\lib\libopencv_imgproc2410.dll.a" />
			<Add library="..\..\..\mrcvlibs\OpenCV_2.4\lib\libopencv_legacy2410.dll.a" />
			<Add library="..\..\..\mrcvlibs\OpenCV_2.4\lib\libopencv_ml2410.dll.a" />
			<Add library="..\..\..\mrcvlibs\OpenCV_2.4\lib\libopencv_nonfree2410.dll.a" />
			<Add library="..\..\..\mrcvlibs\OpenCV_2.4\lib\libopencv_objdetect2410.dll.a" />
			<Add library="..\..\..\mrcvlibs\OpenCV_2.4\lib\libopencv_photo2410.dll.a" />
			<Add directory="../../../mrcvlibs/boost_155/lib" />
			<Add directory="../../../mrcvlibs/lib" />
		</Linker>
		<Unit filename="gencpp/TranData.cpp" />
		<Unit filename="gencpp/TranData.h" />
		<Unit filename="gencpp/cvrpc_constants.cpp" />
		<Unit filename="gencpp/cvrpc_constants.h" />
		<Unit filename="gencpp/cvrpc_types.cpp" />
		<Unit filename="gencpp/cvrpc_types.h" />
		<Unit filename="include/MyApp.h" />
		<Unit filename="main.cpp" />
		<Unit filename="mcvfun.cpp" />
		<Unit filename="mcvfun.h" />
		<Unit filename="src/MyApp.cpp" />
		<Extensions>
			<code_completion />
			<debugger />
			<envvars />
			<editor_config active="1" use_tabs="0" tab_indents="0" tab_width="4" indent="4" eol_mode="0" />
		</Extensions>
	</Project>
</CodeBlocks_project_file>
