<?xml version="1.0" encoding="UTF-8" standalone="yes" ?>
<CodeBlocks_project_file>
	<FileVersion major="1" minor="6" />
	<Project>
		<Option title="andrcvser" />
		<Option pch_mode="2" />
		<Option compiler="gcc" />
		<Build>
			<Target title="Debug">
				<Option output="bin/Debug/andrcvser" prefix_auto="1" extension_auto="1" />
				<Option object_output="obj/Debug/" />
				<Option type="1" />
				<Option compiler="gcc" />
				<Compiler>
					<Add option="-g" />
				</Compiler>
			</Target>
			<Target title="Release">
				<Option output="bin/Release/andrcvser" prefix_auto="1" extension_auto="1" />
				<Option object_output="obj/Release/" />
				<Option type="1" />
				<Option compiler="gcc" />
				<Compiler>
					<Add option="-O2" />
				</Compiler>
				<Linker>
					<Add option="-s" />
				</Linker>
			</Target>
		</Build>
		<Compiler>
			<Add option="-Wall" />
			<Add option="-fexceptions" />
			<Add option="-D_WIN32_WINNT=0x0501 -DWINVER=0x0501" />
			<Add directory="gencpp" />
			<Add directory="../andrcvser" />
			<Add directory="C:/mylibs/include" />
			<Add directory="C:/MinGW/include" />
		</Compiler>
		<Linker>
			<Add library="C:\mylibs\lib\libboost_atomic-mgw48-mt-d-1_55.a" />
			<Add library="C:\mylibs\lib\libboost_atomic-mgw48-mt-d-1_55.dll.a" />
			<Add library="C:\mylibs\lib\libboost_atomic-mgw48-mt-sd-1_55.a" />
			<Add library="C:\mylibs\lib\libboost_chrono-mgw48-d-1_55.a" />
			<Add library="C:\mylibs\lib\libboost_chrono-mgw48-d-1_55.dll.a" />
			<Add library="C:\mylibs\lib\libboost_chrono-mgw48-mt-d-1_55.a" />
			<Add library="C:\mylibs\lib\libboost_chrono-mgw48-mt-d-1_55.dll.a" />
			<Add library="C:\mylibs\lib\libboost_chrono-mgw48-mt-sd-1_55.a" />
			<Add library="C:\mylibs\lib\libboost_chrono-mgw48-sd-1_55.a" />
			<Add library="C:\mylibs\lib\libboost_coroutine-mgw48-d-1_55.a" />
			<Add library="C:\mylibs\lib\libboost_coroutine-mgw48-mt-d-1_55.a" />
			<Add library="C:\mylibs\lib\libboost_coroutine-mgw48-mt-sd-1_55.a" />
			<Add library="C:\mylibs\lib\libboost_coroutine-mgw48-sd-1_55.a" />
			<Add library="C:\mylibs\lib\libboost_date_time-mgw48-d-1_55.a" />
			<Add library="C:\mylibs\lib\libboost_date_time-mgw48-d-1_55.dll.a" />
			<Add library="C:\mylibs\lib\libboost_date_time-mgw48-mt-d-1_55.a" />
			<Add library="C:\mylibs\lib\libboost_date_time-mgw48-mt-d-1_55.dll.a" />
			<Add library="C:\mylibs\lib\libboost_date_time-mgw48-mt-sd-1_55.a" />
			<Add library="C:\mylibs\lib\libboost_date_time-mgw48-sd-1_55.a" />
			<Add library="C:\mylibs\lib\libboost_exception-mgw48-d-1_55.a" />
			<Add library="C:\mylibs\lib\libboost_exception-mgw48-mt-d-1_55.a" />
			<Add library="C:\mylibs\lib\libboost_exception-mgw48-mt-sd-1_55.a" />
			<Add library="C:\mylibs\lib\libboost_exception-mgw48-sd-1_55.a" />
			<Add library="C:\mylibs\lib\libboost_filesystem-mgw48-d-1_55.a" />
			<Add library="C:\mylibs\lib\libboost_filesystem-mgw48-d-1_55.dll.a" />
			<Add library="C:\mylibs\lib\libboost_filesystem-mgw48-mt-d-1_55.a" />
			<Add library="C:\mylibs\lib\libboost_filesystem-mgw48-mt-d-1_55.dll.a" />
			<Add library="C:\mylibs\lib\libboost_filesystem-mgw48-mt-sd-1_55.a" />
			<Add library="C:\mylibs\lib\libboost_filesystem-mgw48-sd-1_55.a" />
			<Add library="C:\mylibs\lib\libboost_graph-mgw48-d-1_55.a" />
			<Add library="C:\mylibs\lib\libboost_graph-mgw48-d-1_55.dll.a" />
			<Add library="C:\mylibs\lib\libboost_graph-mgw48-mt-d-1_55.a" />
			<Add library="C:\mylibs\lib\libboost_graph-mgw48-mt-d-1_55.dll.a" />
			<Add library="C:\mylibs\lib\libboost_graph-mgw48-mt-sd-1_55.a" />
			<Add library="C:\mylibs\lib\libboost_graph-mgw48-sd-1_55.a" />
			<Add library="C:\mylibs\lib\libboost_iostreams-mgw48-d-1_55.a" />
			<Add library="C:\mylibs\lib\libboost_iostreams-mgw48-d-1_55.dll.a" />
			<Add library="C:\mylibs\lib\libboost_iostreams-mgw48-mt-d-1_55.a" />
			<Add library="C:\mylibs\lib\libboost_iostreams-mgw48-mt-d-1_55.dll.a" />
			<Add library="C:\mylibs\lib\libboost_iostreams-mgw48-mt-sd-1_55.a" />
			<Add library="C:\mylibs\lib\libboost_iostreams-mgw48-sd-1_55.a" />
			<Add library="C:\mylibs\lib\libboost_locale-mgw48-mt-d-1_55.a" />
			<Add library="C:\mylibs\lib\libboost_locale-mgw48-mt-d-1_55.dll.a" />
			<Add library="C:\mylibs\lib\libboost_locale-mgw48-mt-sd-1_55.a" />
			<Add library="C:\mylibs\lib\libboost_log_setup-mgw48-d-1_55.a" />
			<Add library="C:\mylibs\lib\libboost_log_setup-mgw48-d-1_55.dll.a" />
			<Add library="C:\mylibs\lib\libboost_log_setup-mgw48-mt-d-1_55.a" />
			<Add library="C:\mylibs\lib\libboost_log_setup-mgw48-mt-d-1_55.dll.a" />
			<Add library="C:\mylibs\lib\libboost_log_setup-mgw48-mt-sd-1_55.a" />
			<Add library="C:\mylibs\lib\libboost_log_setup-mgw48-sd-1_55.a" />
			<Add library="C:\mylibs\lib\libboost_log-mgw48-d-1_55.a" />
			<Add library="C:\mylibs\lib\libboost_log-mgw48-d-1_55.dll.a" />
			<Add library="C:\mylibs\lib\libboost_log-mgw48-mt-d-1_55.a" />
			<Add library="C:\mylibs\lib\libboost_log-mgw48-mt-d-1_55.dll.a" />
			<Add library="C:\mylibs\lib\libboost_log-mgw48-mt-sd-1_55.a" />
			<Add library="C:\mylibs\lib\libboost_log-mgw48-sd-1_55.a" />
			<Add library="C:\mylibs\lib\libboost_math_c99f-mgw48-d-1_55.a" />
			<Add library="C:\mylibs\lib\libboost_math_c99f-mgw48-d-1_55.dll.a" />
			<Add library="C:\mylibs\lib\libboost_math_c99f-mgw48-mt-d-1_55.a" />
			<Add library="C:\mylibs\lib\libboost_math_c99f-mgw48-mt-d-1_55.dll.a" />
			<Add library="C:\mylibs\lib\libboost_math_c99f-mgw48-mt-sd-1_55.a" />
			<Add library="C:\mylibs\lib\libboost_math_c99f-mgw48-sd-1_55.a" />
			<Add library="C:\mylibs\lib\libboost_math_c99l-mgw48-d-1_55.a" />
			<Add library="C:\mylibs\lib\libboost_math_c99l-mgw48-d-1_55.dll.a" />
			<Add library="C:\mylibs\lib\libboost_math_c99l-mgw48-mt-d-1_55.a" />
			<Add library="C:\mylibs\lib\libboost_math_c99l-mgw48-mt-d-1_55.dll.a" />
			<Add library="C:\mylibs\lib\libboost_math_c99l-mgw48-mt-sd-1_55.a" />
			<Add library="C:\mylibs\lib\libboost_math_c99l-mgw48-sd-1_55.a" />
			<Add library="C:\mylibs\lib\libboost_math_c99-mgw48-d-1_55.a" />
			<Add library="C:\mylibs\lib\libboost_math_c99-mgw48-d-1_55.dll.a" />
			<Add library="C:\mylibs\lib\libboost_math_c99-mgw48-mt-d-1_55.a" />
			<Add library="C:\mylibs\lib\libboost_math_c99-mgw48-mt-d-1_55.dll.a" />
			<Add library="C:\mylibs\lib\libboost_math_c99-mgw48-mt-sd-1_55.a" />
			<Add library="C:\mylibs\lib\libboost_math_c99-mgw48-sd-1_55.a" />
			<Add library="C:\mylibs\lib\libboost_math_tr1f-mgw48-d-1_55.a" />
			<Add library="C:\mylibs\lib\libboost_math_tr1f-mgw48-d-1_55.dll.a" />
			<Add library="C:\mylibs\lib\libboost_math_tr1f-mgw48-mt-d-1_55.a" />
			<Add library="C:\mylibs\lib\libboost_math_tr1f-mgw48-mt-d-1_55.dll.a" />
			<Add library="C:\mylibs\lib\libboost_math_tr1f-mgw48-mt-sd-1_55.a" />
			<Add library="C:\mylibs\lib\libboost_math_tr1f-mgw48-sd-1_55.a" />
			<Add library="C:\mylibs\lib\libboost_math_tr1l-mgw48-d-1_55.a" />
			<Add library="C:\mylibs\lib\libboost_math_tr1l-mgw48-d-1_55.dll.a" />
			<Add library="C:\mylibs\lib\libboost_math_tr1l-mgw48-mt-d-1_55.a" />
			<Add library="C:\mylibs\lib\libboost_math_tr1l-mgw48-mt-d-1_55.dll.a" />
			<Add library="C:\mylibs\lib\libboost_math_tr1l-mgw48-mt-sd-1_55.a" />
			<Add library="C:\mylibs\lib\libboost_math_tr1l-mgw48-sd-1_55.a" />
			<Add library="C:\mylibs\lib\libboost_math_tr1-mgw48-d-1_55.a" />
			<Add library="C:\mylibs\lib\libboost_math_tr1-mgw48-d-1_55.dll.a" />
			<Add library="C:\mylibs\lib\libboost_math_tr1-mgw48-mt-d-1_55.a" />
			<Add library="C:\mylibs\lib\libboost_math_tr1-mgw48-mt-d-1_55.dll.a" />
			<Add library="C:\mylibs\lib\libboost_math_tr1-mgw48-mt-sd-1_55.a" />
			<Add library="C:\mylibs\lib\libboost_math_tr1-mgw48-sd-1_55.a" />
			<Add library="C:\mylibs\lib\libboost_prg_exec_monitor-mgw48-d-1_55.a" />
			<Add library="C:\mylibs\lib\libboost_prg_exec_monitor-mgw48-d-1_55.dll.a" />
			<Add library="C:\mylibs\lib\libboost_prg_exec_monitor-mgw48-mt-d-1_55.a" />
			<Add library="C:\mylibs\lib\libboost_prg_exec_monitor-mgw48-mt-d-1_55.dll.a" />
			<Add library="C:\mylibs\lib\libboost_prg_exec_monitor-mgw48-mt-sd-1_55.a" />
			<Add library="C:\mylibs\lib\libboost_prg_exec_monitor-mgw48-sd-1_55.a" />
			<Add library="C:\mylibs\lib\libboost_program_options-mgw48-d-1_55.a" />
			<Add library="C:\mylibs\lib\libboost_program_options-mgw48-d-1_55.dll.a" />
			<Add library="C:\mylibs\lib\libboost_program_options-mgw48-mt-d-1_55.a" />
			<Add library="C:\mylibs\lib\libboost_program_options-mgw48-mt-d-1_55.dll.a" />
			<Add library="C:\mylibs\lib\libboost_program_options-mgw48-mt-sd-1_55.a" />
			<Add library="C:\mylibs\lib\libboost_program_options-mgw48-sd-1_55.a" />
			<Add library="C:\mylibs\lib\libboost_random-mgw48-d-1_55.a" />
			<Add library="C:\mylibs\lib\libboost_random-mgw48-d-1_55.dll.a" />
			<Add library="C:\mylibs\lib\libboost_random-mgw48-mt-d-1_55.a" />
			<Add library="C:\mylibs\lib\libboost_random-mgw48-mt-d-1_55.dll.a" />
			<Add library="C:\mylibs\lib\libboost_random-mgw48-mt-sd-1_55.a" />
			<Add library="C:\mylibs\lib\libboost_random-mgw48-sd-1_55.a" />
			<Add library="C:\mylibs\lib\libboost_regex-mgw48-d-1_55.a" />
			<Add library="C:\mylibs\lib\libboost_regex-mgw48-d-1_55.dll.a" />
			<Add library="C:\mylibs\lib\libboost_regex-mgw48-mt-d-1_55.a" />
			<Add library="C:\mylibs\lib\libboost_regex-mgw48-mt-d-1_55.dll.a" />
			<Add library="C:\mylibs\lib\libboost_regex-mgw48-mt-sd-1_55.a" />
			<Add library="C:\mylibs\lib\libboost_regex-mgw48-sd-1_55.a" />
			<Add library="C:\mylibs\lib\libboost_serialization-mgw48-d-1_55.a" />
			<Add library="C:\mylibs\lib\libboost_serialization-mgw48-d-1_55.dll.a" />
			<Add library="C:\mylibs\lib\libboost_serialization-mgw48-mt-d-1_55.a" />
			<Add library="C:\mylibs\lib\libboost_serialization-mgw48-mt-d-1_55.dll.a" />
			<Add library="C:\mylibs\lib\libboost_serialization-mgw48-mt-sd-1_55.a" />
			<Add library="C:\mylibs\lib\libboost_serialization-mgw48-sd-1_55.a" />
			<Add library="C:\mylibs\lib\libboost_signals-mgw48-d-1_55.a" />
			<Add library="C:\mylibs\lib\libboost_signals-mgw48-d-1_55.dll.a" />
			<Add library="C:\mylibs\lib\libboost_signals-mgw48-mt-d-1_55.a" />
			<Add library="C:\mylibs\lib\libboost_signals-mgw48-mt-d-1_55.dll.a" />
			<Add library="C:\mylibs\lib\libboost_signals-mgw48-mt-sd-1_55.a" />
			<Add library="C:\mylibs\lib\libboost_signals-mgw48-sd-1_55.a" />
			<Add library="C:\mylibs\lib\libboost_system-mgw48-d-1_55.a" />
			<Add library="C:\mylibs\lib\libboost_system-mgw48-d-1_55.dll.a" />
			<Add library="C:\mylibs\lib\libboost_system-mgw48-mt-d-1_55.a" />
			<Add library="C:\mylibs\lib\libboost_system-mgw48-mt-d-1_55.dll.a" />
			<Add library="C:\mylibs\lib\libboost_system-mgw48-mt-sd-1_55.a" />
			<Add library="C:\mylibs\lib\libboost_system-mgw48-sd-1_55.a" />
			<Add library="C:\mylibs\lib\libboost_test_exec_monitor-mgw48-d-1_55.a" />
			<Add library="C:\mylibs\lib\libboost_test_exec_monitor-mgw48-mt-d-1_55.a" />
			<Add library="C:\mylibs\lib\libboost_test_exec_monitor-mgw48-mt-sd-1_55.a" />
			<Add library="C:\mylibs\lib\libboost_test_exec_monitor-mgw48-sd-1_55.a" />
			<Add library="C:\mylibs\lib\libboost_thread-mgw48-mt-d-1_55.a" />
			<Add library="C:\mylibs\lib\libboost_thread-mgw48-mt-d-1_55.dll.a" />
			<Add library="C:\mylibs\lib\libboost_thread-mgw48-mt-sd-1_55.a" />
			<Add library="C:\mylibs\lib\libboost_timer-mgw48-d-1_55.a" />
			<Add library="C:\mylibs\lib\libboost_timer-mgw48-d-1_55.dll.a" />
			<Add library="C:\mylibs\lib\libboost_timer-mgw48-mt-d-1_55.a" />
			<Add library="C:\mylibs\lib\libboost_timer-mgw48-mt-d-1_55.dll.a" />
			<Add library="C:\mylibs\lib\libboost_timer-mgw48-mt-sd-1_55.a" />
			<Add library="C:\mylibs\lib\libboost_timer-mgw48-sd-1_55.a" />
			<Add library="C:\mylibs\lib\libboost_unit_test_framework-mgw48-d-1_55.a" />
			<Add library="C:\mylibs\lib\libboost_unit_test_framework-mgw48-d-1_55.dll.a" />
			<Add library="C:\mylibs\lib\libboost_unit_test_framework-mgw48-mt-d-1_55.a" />
			<Add library="C:\mylibs\lib\libboost_unit_test_framework-mgw48-mt-d-1_55.dll.a" />
			<Add library="C:\mylibs\lib\libboost_unit_test_framework-mgw48-mt-sd-1_55.a" />
			<Add library="C:\mylibs\lib\libboost_unit_test_framework-mgw48-sd-1_55.a" />
			<Add library="C:\mylibs\lib\libboost_wave-mgw48-d-1_55.a" />
			<Add library="C:\mylibs\lib\libboost_wave-mgw48-d-1_55.dll.a" />
			<Add library="C:\mylibs\lib\libboost_wave-mgw48-mt-d-1_55.a" />
			<Add library="C:\mylibs\lib\libboost_wave-mgw48-mt-d-1_55.dll.a" />
			<Add library="C:\mylibs\lib\libboost_wave-mgw48-mt-sd-1_55.a" />
			<Add library="C:\mylibs\lib\libboost_wave-mgw48-sd-1_55.a" />
			<Add library="C:\mylibs\lib\libboost_wserialization-mgw48-d-1_55.a" />
			<Add library="C:\mylibs\lib\libboost_wserialization-mgw48-d-1_55.dll.a" />
			<Add library="C:\mylibs\lib\libboost_wserialization-mgw48-mt-d-1_55.a" />
			<Add library="C:\mylibs\lib\libboost_wserialization-mgw48-mt-d-1_55.dll.a" />
			<Add library="C:\mylibs\lib\libboost_wserialization-mgw48-mt-sd-1_55.a" />
			<Add library="C:\mylibs\lib\libboost_wserialization-mgw48-sd-1_55.a" />
			<Add library="C:\mylibs\lib\libevent.a" />
			<Add library="C:\mylibs\lib\libevent.dll.a" />
			<Add library="C:\mylibs\lib\libevent_core.a" />
			<Add library="C:\mylibs\lib\libevent_core.dll.a" />
			<Add library="C:\mylibs\lib\libevent_extra.a" />
			<Add library="C:\mylibs\lib\libevent_extra.dll.a" />
			<Add library="C:\mylibs\lib\libsodium.a" />
			<Add library="C:\mylibs\lib\libsodium.dll.a" />
			<Add library="C:\mylibs\lib\libthrift.a" />
			<Add library="C:\mylibs\lib\libthriftnb.a" />
			<Add library="C:\mylibs\lib\libthriftz.a" />
			<Add library="C:\OpenCV_2.4\lib\libopencv_calib3d_pch_dephelp.a" />
			<Add library="C:\OpenCV_2.4\lib\libopencv_calib3d248.dll.a" />
			<Add library="C:\OpenCV_2.4\lib\libopencv_contrib_pch_dephelp.a" />
			<Add library="C:\OpenCV_2.4\lib\libopencv_contrib248.dll.a" />
			<Add library="C:\OpenCV_2.4\lib\libopencv_core_pch_dephelp.a" />
			<Add library="C:\OpenCV_2.4\lib\libopencv_core248.dll.a" />
			<Add library="C:\OpenCV_2.4\lib\libopencv_features2d_pch_dephelp.a" />
			<Add library="C:\OpenCV_2.4\lib\libopencv_features2d248.dll.a" />
			<Add library="C:\OpenCV_2.4\lib\libopencv_flann_pch_dephelp.a" />
			<Add library="C:\OpenCV_2.4\lib\libopencv_flann248.dll.a" />
			<Add library="C:\OpenCV_2.4\lib\libopencv_gpu_pch_dephelp.a" />
			<Add library="C:\OpenCV_2.4\lib\libopencv_gpu248.dll.a" />
			<Add library="C:\OpenCV_2.4\lib\libopencv_haartraining_engine.a" />
			<Add library="C:\OpenCV_2.4\lib\libopencv_highgui_pch_dephelp.a" />
			<Add library="C:\OpenCV_2.4\lib\libopencv_highgui248.dll.a" />
			<Add library="C:\OpenCV_2.4\lib\libopencv_imgproc_pch_dephelp.a" />
			<Add library="C:\OpenCV_2.4\lib\libopencv_imgproc248.dll.a" />
			<Add library="C:\OpenCV_2.4\lib\libopencv_legacy_pch_dephelp.a" />
			<Add library="C:\OpenCV_2.4\lib\libopencv_legacy248.dll.a" />
			<Add library="C:\OpenCV_2.4\lib\libopencv_ml_pch_dephelp.a" />
			<Add library="C:\OpenCV_2.4\lib\libopencv_ml248.dll.a" />
			<Add library="C:\OpenCV_2.4\lib\libopencv_nonfree_pch_dephelp.a" />
			<Add library="C:\OpenCV_2.4\lib\libopencv_nonfree248.dll.a" />
			<Add library="C:\OpenCV_2.4\lib\libopencv_objdetect_pch_dephelp.a" />
			<Add library="C:\OpenCV_2.4\lib\libopencv_objdetect248.dll.a" />
			<Add library="C:\OpenCV_2.4\lib\libopencv_ocl_pch_dephelp.a" />
			<Add library="C:\OpenCV_2.4\lib\libopencv_ocl248.dll.a" />
			<Add library="C:\OpenCV_2.4\lib\libopencv_perf_calib3d_pch_dephelp.a" />
			<Add library="C:\OpenCV_2.4\lib\libopencv_perf_core_pch_dephelp.a" />
			<Add library="C:\OpenCV_2.4\lib\libopencv_perf_features2d_pch_dephelp.a" />
			<Add library="C:\OpenCV_2.4\lib\libopencv_perf_gpu_pch_dephelp.a" />
			<Add library="C:\OpenCV_2.4\lib\libopencv_perf_highgui_pch_dephelp.a" />
			<Add library="C:\OpenCV_2.4\lib\libopencv_perf_imgproc_pch_dephelp.a" />
			<Add library="C:\OpenCV_2.4\lib\libopencv_perf_nonfree_pch_dephelp.a" />
			<Add library="C:\OpenCV_2.4\lib\libopencv_perf_objdetect_pch_dephelp.a" />
			<Add library="C:\OpenCV_2.4\lib\libopencv_perf_ocl_pch_dephelp.a" />
			<Add library="C:\OpenCV_2.4\lib\libopencv_perf_photo_pch_dephelp.a" />
			<Add library="C:\OpenCV_2.4\lib\libopencv_perf_stitching_pch_dephelp.a" />
			<Add library="C:\OpenCV_2.4\lib\libopencv_perf_superres_pch_dephelp.a" />
			<Add library="C:\OpenCV_2.4\lib\libopencv_perf_video_pch_dephelp.a" />
			<Add library="C:\OpenCV_2.4\lib\libopencv_photo_pch_dephelp.a" />
			<Add library="C:\OpenCV_2.4\lib\libopencv_photo248.dll.a" />
			<Add library="C:\OpenCV_2.4\lib\libopencv_stitching_pch_dephelp.a" />
			<Add library="C:\OpenCV_2.4\lib\libopencv_stitching248.dll.a" />
			<Add library="C:\OpenCV_2.4\lib\libopencv_superres_pch_dephelp.a" />
			<Add library="C:\OpenCV_2.4\lib\libopencv_superres248.dll.a" />
			<Add library="C:\OpenCV_2.4\lib\libopencv_test_calib3d_pch_dephelp.a" />
			<Add library="C:\OpenCV_2.4\lib\libopencv_test_contrib_pch_dephelp.a" />
			<Add library="C:\OpenCV_2.4\lib\libopencv_test_core_pch_dephelp.a" />
			<Add library="C:\OpenCV_2.4\lib\libopencv_test_features2d_pch_dephelp.a" />
			<Add library="C:\OpenCV_2.4\lib\libopencv_test_flann_pch_dephelp.a" />
			<Add library="C:\OpenCV_2.4\lib\libopencv_test_gpu_pch_dephelp.a" />
			<Add library="C:\OpenCV_2.4\lib\libopencv_test_highgui_pch_dephelp.a" />
			<Add library="C:\OpenCV_2.4\lib\libopencv_test_imgproc_pch_dephelp.a" />
			<Add library="C:\OpenCV_2.4\lib\libopencv_test_legacy_pch_dephelp.a" />
			<Add library="C:\OpenCV_2.4\lib\libopencv_test_ml_pch_dephelp.a" />
			<Add library="C:\OpenCV_2.4\lib\libopencv_test_nonfree_pch_dephelp.a" />
			<Add library="C:\OpenCV_2.4\lib\libopencv_test_objdetect_pch_dephelp.a" />
			<Add library="C:\OpenCV_2.4\lib\libopencv_test_ocl_pch_dephelp.a" />
			<Add library="C:\OpenCV_2.4\lib\libopencv_test_photo_pch_dephelp.a" />
			<Add library="C:\OpenCV_2.4\lib\libopencv_test_stitching_pch_dephelp.a" />
			<Add library="C:\OpenCV_2.4\lib\libopencv_test_superres_pch_dephelp.a" />
			<Add library="C:\OpenCV_2.4\lib\libopencv_test_video_pch_dephelp.a" />
			<Add library="C:\OpenCV_2.4\lib\libopencv_ts_pch_dephelp.a" />
			<Add library="C:\OpenCV_2.4\lib\libopencv_ts248.a" />
			<Add library="C:\OpenCV_2.4\lib\libopencv_video_pch_dephelp.a" />
			<Add library="C:\OpenCV_2.4\lib\libopencv_video248.dll.a" />
			<Add library="C:\OpenCV_2.4\lib\libopencv_videostab_pch_dephelp.a" />
			<Add library="C:\OpenCV_2.4\lib\libopencv_videostab248.dll.a" />
			<Add library="C:\MinGW\lib\libws2_32.a" />
			<Add library="C:\MinGW\lib\libiconv.a" />
		</Linker>
		<Unit filename="gencpp/TranData.cpp" />
		<Unit filename="gencpp/TranData.h" />
		<Unit filename="gencpp/cvrpc_constants.cpp" />
		<Unit filename="gencpp/cvrpc_constants.h" />
		<Unit filename="gencpp/cvrpc_types.cpp" />
		<Unit filename="gencpp/cvrpc_types.h" />
		<Unit filename="main.cpp" />
		<Unit filename="mcvfun.cpp" />
		<Unit filename="mcvfun.h" />
		<Unit filename="windows/GetTimeOfDay.cpp" />
		<Unit filename="windows/GetTimeOfDay.h" />
		<Unit filename="windows/Operators.h" />
		<Unit filename="windows/SocketPair.cpp" />
		<Unit filename="windows/SocketPair.h" />
		<Unit filename="windows/StdAfx.cpp" />
		<Unit filename="windows/StdAfx.h" />
		<Unit filename="windows/TWinsockSingleton.cpp" />
		<Unit filename="windows/TWinsockSingleton.h" />
		<Unit filename="windows/TargetVersion.h" />
		<Unit filename="windows/WinFcntl.cpp" />
		<Unit filename="windows/WinFcntl.h" />
		<Unit filename="windows/config.h" />
		<Unit filename="windows/force_inc.h" />
		<Extensions>
			<code_completion />
			<debugger />
			<envvars />
			<editor_config active="1" use_tabs="0" tab_indents="0" tab_width="4" indent="4" eol_mode="0" />
		</Extensions>
	</Project>
</CodeBlocks_project_file>
