<?xml version="1.0" encoding="UTF-8" standalone="yes" ?>
<CodeBlocks_project_file>
	<FileVersion major="1" minor="6" />
	<Project>
		<Option title="andrcvser" />
		<Option pch_mode="2" />
		<Option compiler="gcc" />
		<Build>
			<Target title="Debug">
				<Option output="bin/Debug/andrcvser" prefix_auto="1" extension_auto="1" />
				<Option object_output="obj/Debug/" />
				<Option type="1" />
				<Option compiler="gcc" />
				<Compiler>
					<Add option="-g" />
				</Compiler>
			</Target>
			<Target title="Release">
				<Option output="bin/Release/andrcvser" prefix_auto="1" extension_auto="1" />
				<Option object_output="obj/Release/" />
				<Option type="1" />
				<Option compiler="gcc" />
				<Compiler>
					<Add option="-O2" />
				</Compiler>
				<Linker>
					<Add option="-s" />
				</Linker>
			</Target>
		</Build>
		<Compiler>
			<Add option="-march=core2" />
			<Add option="-O2" />
			<Add directory="include" />
			<Add directory="gencpp" />
			<Add directory="../../../msys32/mingw32/include/boost" />
			<Add directory="../../../OpenCV_3.0/include" />
			<Add directory="../../../msys32/usr/local/include/wx-3.0" />
			<Add directory="../../../msys32/usr/local/lib/wx/include/msw-unicode-3.0" />
			<Add directory="../../../msys32/usr/local/include" />
			<Add directory="../../../msys32/mingw32/include" />
		</Compiler>
		<Linker>
			<Add library="..\..\..\OpenCV_3.0\x86\mingw\lib\libopencv_core300.dll.a" />
			<Add library="..\..\..\OpenCV_3.0\x86\mingw\lib\libopencv_features2d300.dll.a" />
			<Add library="..\..\..\OpenCV_3.0\x86\mingw\lib\libopencv_imgcodecs300.dll.a" />
			<Add library="..\..\..\OpenCV_3.0\x86\mingw\lib\libopencv_imgproc300.dll.a" />
			<Add library="..\..\..\OpenCV_3.0\x86\mingw\lib\libopencv_ml300.dll.a" />
			<Add library="..\..\..\OpenCV_3.0\x86\mingw\lib\libopencv_objdetect300.dll.a" />
			<Add library="..\..\..\OpenCV_3.0\x86\mingw\lib\libopencv_xfeatures2d300.dll.a" />
			<Add library="..\..\..\OpenCV_3.0\x86\mingw\lib\libopencv_ximgproc300.dll.a" />
			<Add library="..\..\..\OpenCV_3.0\x86\mingw\lib\libopencv_highgui300.dll.a" />
			<Add library="..\..\..\msys32\usr\local\lib\libthrift.a" />
			<Add library="..\..\..\msys32\usr\local\lib\libthriftnb.a" />
			<Add library="..\..\..\msys32\mingw32\lib\libsqlite3.a" />
			<Add library="..\..\..\msys32\mingw32\lib\libevent.dll.a" />
			<Add library="..\..\..\msys32\usr\local\lib\libwx_baseu-3.0.dll.a" />
			<Add library="..\..\..\msys32\usr\local\lib\libwx_mswu_core-3.0.dll.a" />
			<Add library="..\..\..\msys32\mingw32\lib\libboost_thread-mt.dll.a" />
			<Add library="..\..\..\msys32\mingw32\lib\libboost_system-mt.dll.a" />
			<Add library="..\..\..\msys32\mingw32\i686-w64-mingw32\lib\libws2_32.a" />
			<Add library="..\..\..\msys32\mingw32\i686-w64-mingw32\lib\libmsvcrt.a" />
		</Linker>
		<Unit filename="gencpp/TranData.cpp" />
		<Unit filename="gencpp/TranData.h" />
		<Unit filename="gencpp/cvrpc_constants.cpp" />
		<Unit filename="gencpp/cvrpc_constants.h" />
		<Unit filename="gencpp/cvrpc_types.cpp" />
		<Unit filename="gencpp/cvrpc_types.h" />
		<Unit filename="include/TranDataHandler.h" />
		<Unit filename="include/mcvfun.h" />
		<Unit filename="include/myapp.h" />
		<Unit filename="main.cpp" />
		<Unit filename="src/TranDataHandler.cpp" />
		<Unit filename="src/mcvfun.cpp" />
		<Unit filename="src/myapp.cpp" />
		<Extensions>
			<code_completion />
			<debugger />
			<envvars />
			<editor_config active="1" use_tabs="0" tab_indents="0" tab_width="4" indent="4" eol_mode="0" />
		</Extensions>
	</Project>
</CodeBlocks_project_file>
